
Microsoft Visual Studio Solution File, Format Version 12.00
# Visual Studio Version 17
VisualStudioVersion = 17.12.35707.178
MinimumVisualStudioVersion = 10.0.40219.1
Project("{FAE04EC0-301F-11D3-BF4B-00C04F79EFBC}") = "Tester", "Tester\Tester.csproj", "{4EDE865F-738C-169A-B2D1-FB516BB2C937}"
EndProject
Project("{FAE04EC0-301F-11D3-BF4B-00C04F79EFBC}") = "Interview.Web", "Interview.Web\Interview.Web.csproj", "{D9707F81-E900-0300-CC3B-72D77795F65F}"
EndProject
Project("{FAE04EC0-301F-11D3-BF4B-00C04F79EFBC}") = "Interview.Utilities", "Interview.Utilities\Interview.Utilities.csproj", "{9B15C75B-A3D2-7627-C152-29CA456E328E}"
EndProject
Project("{FAE04EC0-301F-11D3-BF4B-00C04F79EFBC}") = "Interview.Service", "Interview.Service\Interview.Service.csproj", "{E5458B03-F2E5-7A52-C8D7-9C6CD5736772}"
EndProject
Project("{FAE04EC0-301F-11D3-BF4B-00C04F79EFBC}") = "Interview.Repository", "Interview.Repository\Interview.Repository.csproj", "{98E0BD2B-2FD0-F681-BAD0-E4B4E4B799D2}"
EndProject
Project("{FAE04EC0-301F-11D3-BF4B-00C04F79EFBC}") = "Interview.Domain", "Interview.Domain\Interview.Domain.csproj", "{20D2B013-7C88-ABA6-4993-2563264E106B}"
EndProject
Project("{FAE04EC0-301F-11D3-BF4B-00C04F79EFBC}") = "Interview.API", "Interview.API\Interview.API.csproj", "{E590EE52-E2EE-A73B-418E-1F8CF6532DEE}"
EndProject
Global
	GlobalSection(SolutionConfigurationPlatforms) = preSolution
		Debug|Any CPU = Debug|Any CPU
		Release|Any CPU = Release|Any CPU
	EndGlobalSection
	GlobalSection(ProjectConfigurationPlatforms) = postSolution
		{4EDE865F-738C-169A-B2D1-FB516BB2C937}.Debug|Any CPU.ActiveCfg = Debug|Any CPU
		{4EDE865F-738C-169A-B2D1-FB516BB2C937}.Debug|Any CPU.Build.0 = Debug|Any CPU
		{4EDE865F-738C-169A-B2D1-FB516BB2C937}.Release|Any CPU.ActiveCfg = Release|Any CPU
		{4EDE865F-738C-169A-B2D1-FB516BB2C937}.Release|Any CPU.Build.0 = Release|Any CPU
		{D9707F81-E900-0300-CC3B-72D77795F65F}.Debug|Any CPU.ActiveCfg = Debug|Any CPU
		{D9707F81-E900-0300-CC3B-72D77795F65F}.Debug|Any CPU.Build.0 = Debug|Any CPU
		{D9707F81-E900-0300-CC3B-72D77795F65F}.Release|Any CPU.ActiveCfg = Release|Any CPU
		{D9707F81-E900-0300-CC3B-72D77795F65F}.Release|Any CPU.Build.0 = Release|Any CPU
		{9B15C75B-A3D2-7627-C152-29CA456E328E}.Debug|Any CPU.ActiveCfg = Debug|Any CPU
		{9B15C75B-A3D2-7627-C152-29CA456E328E}.Debug|Any CPU.Build.0 = Debug|Any CPU
		{9B15C75B-A3D2-7627-C152-29CA456E328E}.Release|Any CPU.ActiveCfg = Release|Any CPU
		{9B15C75B-A3D2-7627-C152-29CA456E328E}.Release|Any CPU.Build.0 = Release|Any CPU
		{E5458B03-F2E5-7A52-C8D7-9C6CD5736772}.Debug|Any CPU.ActiveCfg = Debug|Any CPU
		{E5458B03-F2E5-7A52-C8D7-9C6CD5736772}.Debug|Any CPU.Build.0 = Debug|Any CPU
		{E5458B03-F2E5-7A52-C8D7-9C6CD5736772}.Release|Any CPU.ActiveCfg = Release|Any CPU
		{E5458B03-F2E5-7A52-C8D7-9C6CD5736772}.Release|Any CPU.Build.0 = Release|Any CPU
		{98E0BD2B-2FD0-F681-BAD0-E4B4E4B799D2}.Debug|Any CPU.ActiveCfg = Debug|Any CPU
		{98E0BD2B-2FD0-F681-BAD0-E4B4E4B799D2}.Debug|Any CPU.Build.0 = Debug|Any CPU
		{98E0BD2B-2FD0-F681-BAD0-E4B4E4B799D2}.Release|Any CPU.ActiveCfg = Release|Any CPU
		{98E0BD2B-2FD0-F681-BAD0-E4B4E4B799D2}.Release|Any CPU.Build.0 = Release|Any CPU
		{20D2B013-7C88-ABA6-4993-2563264E106B}.Debug|Any CPU.ActiveCfg = Debug|Any CPU
		{20D2B013-7C88-ABA6-4993-2563264E106B}.Debug|Any CPU.Build.0 = Debug|Any CPU
		{20D2B013-7C88-ABA6-4993-2563264E106B}.Release|Any CPU.ActiveCfg = Release|Any CPU
		{20D2B013-7C88-ABA6-4993-2563264E106B}.Release|Any CPU.Build.0 = Release|Any CPU
		{E590EE52-E2EE-A73B-418E-1F8CF6532DEE}.Debug|Any CPU.ActiveCfg = Debug|Any CPU
		{E590EE52-E2EE-A73B-418E-1F8CF6532DEE}.Debug|Any CPU.Build.0 = Debug|Any CPU
		{E590EE52-E2EE-A73B-418E-1F8CF6532DEE}.Release|Any CPU.ActiveCfg = Release|Any CPU
		{E590EE52-E2EE-A73B-418E-1F8CF6532DEE}.Release|Any CPU.Build.0 = Release|Any CPU
	EndGlobalSection
	GlobalSection(SolutionProperties) = preSolution
		HideSolutionNode = FALSE
	EndGlobalSection
	GlobalSection(ExtensibilityGlobals) = postSolution
		SolutionGuid = {8164F330-7A54-4066-8203-F65C9D91FBAC}
	EndGlobalSection
EndGlobal
